Microsoft Visual Studio Solution File, Format Version 12.00
# Visual Studio Version 17
VisualStudioVersion = 17.5.2.0
MinimumVisualStudioVersion = 10.0.40219.1
Project("{FAE04EC0-301F-11D3-BF4B-00C04F79EFBC}") = "TourPlannerAPI", "TourPlannerAPI.csproj", "{A151BF74-3B3F-13E2-EE67-74AE1E2F92FD}"
EndProject
Global
	GlobalSection(SolutionConfigurationPlatforms) = preSolution
		Debug|Any CPU = Debug|Any CPU
		Release|Any CPU = Release|Any CPU
	EndGlobalSection
	GlobalSection(ProjectConfigurationPlatforms) = postSolution
		{A151BF74-3B3F-13E2-EE67-74AE1E2F92FD}.Debug|Any CPU.ActiveCfg = Debug|Any CPU
		{A151BF74-3B3F-13E2-EE67-74AE1E2F92FD}.Debug|Any CPU.Build.0 = Debug|Any CPU
		{A151BF74-3B3F-13E2-EE67-74AE1E2F92FD}.Release|Any CPU.ActiveCfg = Release|Any CPU
		{A151BF74-3B3F-13E2-EE67-74AE1E2F92FD}.Release|Any CPU.Build.0 = Release|Any CPU
	EndGlobalSection
	GlobalSection(SolutionProperties) = preSolution
		HideSolutionNode = FALSE
	EndGlobalSection
	GlobalSection(ExtensibilityGlobals) = postSolution
		SolutionGuid = {156C4EEC-1400-457F-BCA6-4F8943513A3E}
	EndGlobalSection
EndGlobal
